
Microsoft Visual Studio Solution File, Format Version 12.00
# Visual Studio Version 16
VisualStudioVersion = 16.0.31410.357
MinimumVisualStudioVersion = 10.0.40219.1
Project("{FAE04EC0-301F-11D3-BF4B-00C04F79EFBC}") = "ClassLibrary1", "ClassLibrary1.csproj", "{08F106ED-5282-4AF4-8115-4E2938A29BE7}"
EndProject
Global
	GlobalSection(SolutionConfigurationPlatforms) = preSolution
		Debug|Any CPU = Debug|Any CPU
		Release|Any CPU = Release|Any CPU
	EndGlobalSection
	GlobalSection(ProjectConfigurationPlatforms) = postSolution
		{08F106ED-5282-4AF4-8115-4E2938A29BE7}.Debug|Any CPU.ActiveCfg = Debug|Any CPU
		{08F106ED-5282-4AF4-8115-4E2938A29BE7}.Debug|Any CPU.Build.0 = Debug|Any CPU
		{08F106ED-5282-4AF4-8115-4E2938A29BE7}.Release|Any CPU.ActiveCfg = Release|Any CPU
		{08F106ED-5282-4AF4-8115-4E2938A29BE7}.Release|Any CPU.Build.0 = Release|Any CPU
	EndGlobalSection
	GlobalSection(SolutionProperties) = preSolution
		HideSolutionNode = FALSE
	EndGlobalSection
	GlobalSection(ExtensibilityGlobals) = postSolution
		SolutionGuid = {7FA569DE-3CA8-4831-B75C-A59EBC0977DC}
	EndGlobalSection
EndGlobal
